lockfileVersion: '6.0'

settings:
  autoInstallPeers: true
  excludeLinksFromLockfile: false

dependencies:
  xast-util-from-xml:
    specifier: ^4.0.0
    version: 4.0.0

packages:

  /@rgrove/parse-xml@4.1.0:
    resolution: {integrity: sha512-pBiltENdy8SfI0AeR1e5TRpS9/9Gl0eiOEt6ful2jQfzsgvZYWqsKiBWaOCLdocQuk0wS7KOHI37n0C1pnKqTw==}
    engines: {node: '>=14.0.0'}
    dev: false

  /@types/unist@3.0.2:
    resolution: {integrity: sha512-dqId9J8K/vGi5Zr7oo212BGii5m3q5Hxlkwy3WpYuKPklmBEvsbMYYyLxAQpSffdLl/gdW0XUpKWFvYmyoWCoQ==}
    dev: false

  /@types/xast@2.0.3:
    resolution: {integrity: sha512-i16KgD09/alrRchQfbVtOO0f8Bkki/WqPsWDSPSdnXua8HEk7QA61oA0WmGtBHhmOjdk+rSOppuHJv2HogXXkA==}
    dependencies:
      '@types/unist': 3.0.2
    dev: false

  /unist-util-stringify-position@4.0.0:
    resolution: {integrity: sha512-0ASV06AAoKCDkS2+xw5RXJywruurpbC4JZSm7nr7MOt1ojAzvyyaO+UxZf18j8FCF6kmzCZKcAgN/yu2gm2XgQ==}
    dependencies:
      '@types/unist': 3.0.2
    dev: false

  /vfile-location@5.0.2:
    resolution: {integrity: sha512-NXPYyxyBSH7zB5U6+3uDdd6Nybz6o6/od9rk8bp9H8GR3L+cm/fC0uUTbqBmUTnMCUDslAGBOIKNfvvb+gGlDg==}
    dependencies:
      '@types/unist': 3.0.2
      vfile: 6.0.1
    dev: false

  /vfile-message@4.0.2:
    resolution: {integrity: sha512-jRDZ1IMLttGj41KcZvlrYAaI3CfqpLpfpf+Mfig13viT6NKvRzWZ+lXz0Y5D60w6uJIBAOGq9mSHf0gktF0duw==}
    dependencies:
      '@types/unist': 3.0.2
      unist-util-stringify-position: 4.0.0
    dev: false

  /vfile@6.0.1:
    resolution: {integrity: sha512-1bYqc7pt6NIADBJ98UiG0Bn/CHIVOoZ/IyEkqIruLg0mE1BKzkOXY2D6CSqQIcKqgadppE5lrxgWXJmXd7zZJw==}
    dependencies:
      '@types/unist': 3.0.2
      unist-util-stringify-position: 4.0.0
      vfile-message: 4.0.2
    dev: false

  /xast-util-from-xml@4.0.0:
    resolution: {integrity: sha512-Pwj6Bw5XARduMeTWpeEfmfgT8/Ma3oiMI4bBIRzCd7GH26A/dn3x7jDc2BHBCQxxdQniTh0MjVUYbjaj4Ljb+Q==}
    dependencies:
      '@rgrove/parse-xml': 4.1.0
      '@types/xast': 2.0.3
      vfile-location: 5.0.2
      vfile-message: 4.0.2
    dev: false
